schema: '2.0'
stages:
  data_ingestion:
    cmd: python src/data/data_ingestion.py
    deps:
    - path: params.yaml
      hash: md5
      md5: 8a1f6200bbb316388c965194d116c5af
      size: 33
    - path: src/data/data_ingestion.py
      hash: md5
      md5: 1f01af85b8eb7b190d64f40c0d1ec05d
      size: 4307
    outs:
    - path: data/raw
      hash: md5
      md5: e13bcce40396cd334c8a7a334868166a.dir
      size: 6919701
      nfiles: 2
  data_preprocessing:
    cmd: python src/data/data_preprocessing.py
    deps:
    - path: data/raw/test.csv
      hash: md5
      md5: ea97ba82a4a25627bf4ffb52572484ea
      size: 1348612
    - path: data/raw/train.csv
      hash: md5
      md5: 1bd422dd6d135bced1d6c64a3e84a45d
      size: 5571089
    - path: src/data/data_preprocessing.py
      hash: md5
      md5: dba6b94551139fe0d7cbc1145f01251a
      size: 5759
    outs:
    - path: data/interim
      hash: md5
      md5: 63c7e31287447346c55fd2145ec88083.dir
      size: 5134324
      nfiles: 2
